github.com/dustin/go-humanize v0.0.0-20171111073723-bb3d318650d4 h1:qk/FSDDxo05wdJH28W+p5yivv7LuLYLRXPPD8KQCtZs=
github.com/dustin/go-humanize v0.0.0-20171111073723-bb3d318650d4/go.mod h1:HtrtbFcZ19U5GC7JDqmcUSB87Iq5E25KnS6fMYU6eOk=
github.com/torden/go-strutil v0.1.3 h1:XOeTV2Vks7d2VbXcEQePEEu7KC2qxb4Lgiqgqh9e48k=
github.com/torden/go-strutil v0.1.3/go.mod h1:NHgwFEjIYaJ/MtEjktYXavgwcnpxDoR61R43I6SmPJs=
